
Microsoft Visual Studio Solution File, Format Version 12.00
# Visual Studio Version 16
VisualStudioVersion = 16.0.31727.386
MinimumVisualStudioVersion = 10.0.40219.1
Project("{9A19103F-16F7-4668-BE54-9A1E7A4F7556}") = "Application", "Application.csproj", "{802A4497-0D19-4714-BF1F-8A3D8427221B}"
EndProject
Project("{FAE04EC0-301F-11D3-BF4B-00C04F79EFBC}") = "Test", "..\Test\Test.csproj", "{ABDDB84C-8ACB-4C6D-833A-4C8F17C6538D}"
EndProject
Global
	GlobalSection(SolutionConfigurationPlatforms) = preSolution
		Debug|Any CPU = Debug|Any CPU
		Release|Any CPU = Release|Any CPU
	EndGlobalSection
	GlobalSection(ProjectConfigurationPlatforms) = postSolution
		{802A4497-0D19-4714-BF1F-8A3D8427221B}.Debug|Any CPU.ActiveCfg = Debug|Any CPU
		{802A4497-0D19-4714-BF1F-8A3D8427221B}.Debug|Any CPU.Build.0 = Debug|Any CPU
		{802A4497-0D19-4714-BF1F-8A3D8427221B}.Release|Any CPU.ActiveCfg = Release|Any CPU
		{802A4497-0D19-4714-BF1F-8A3D8427221B}.Release|Any CPU.Build.0 = Release|Any CPU
		{ABDDB84C-8ACB-4C6D-833A-4C8F17C6538D}.Debug|Any CPU.ActiveCfg = Debug|Any CPU
		{ABDDB84C-8ACB-4C6D-833A-4C8F17C6538D}.Debug|Any CPU.Build.0 = Debug|Any CPU
		{ABDDB84C-8ACB-4C6D-833A-4C8F17C6538D}.Release|Any CPU.ActiveCfg = Release|Any CPU
		{ABDDB84C-8ACB-4C6D-833A-4C8F17C6538D}.Release|Any CPU.Build.0 = Release|Any CPU
	EndGlobalSection
	GlobalSection(SolutionProperties) = preSolution
		HideSolutionNode = FALSE
	EndGlobalSection
	GlobalSection(ExtensibilityGlobals) = postSolution
		SolutionGuid = {E7613752-541A-4D85-8050-C64599F4A7FA}
	EndGlobalSection
EndGlobal
